
Microsoft Visual Studio Solution File, Format Version 12.00
# Visual Studio 15
VisualStudioVersion = 15.0.28307.757
MinimumVisualStudioVersion = 10.0.40219.1
Project("{888888A0-9F3D-457C-B088-3A5042F75D52}") = "spz_recognition", "spz_recognition.pyproj", "{FFE8F145-5ABB-4064-BF40-380E382E5BCB}"
EndProject
Global
	GlobalSection(SolutionConfigurationPlatforms) = preSolution
		Debug|Any CPU = Debug|Any CPU
		Release|Any CPU = Release|Any CPU
	EndGlobalSection
	GlobalSection(ProjectConfigurationPlatforms) = postSolution
		{FFE8F145-5ABB-4064-BF40-380E382E5BCB}.Debug|Any CPU.ActiveCfg = Debug|Any CPU
		{FFE8F145-5ABB-4064-BF40-380E382E5BCB}.Release|Any CPU.ActiveCfg = Release|Any CPU
	EndGlobalSection
	GlobalSection(SolutionProperties) = preSolution
		HideSolutionNode = FALSE
	EndGlobalSection
	GlobalSection(ExtensibilityGlobals) = postSolution
		SolutionGuid = {FEF32E42-8A04-4E0B-A439-681A858F2F3A}
	EndGlobalSection
EndGlobal
